
Microsoft Visual Studio Solution File, Format Version 12.00
# Visual Studio Version 17
VisualStudioVersion = 17.13.36105.23
MinimumVisualStudioVersion = 10.0.40219.1
Project("{FAE04EC0-301F-11D3-BF4B-00C04F79EFBC}") = "Sprachfeatures", "Sprachfeatures\Sprachfeatures.csproj", "{9E233CD0-92F1-43E5-BA4F-3DB4CCA81764}"
EndProject
Project("{FAE04EC0-301F-11D3-BF4B-00C04F79EFBC}") = "TopLevelStatements", "TopLevelStatements\TopLevelStatements.csproj", "{1F5E703D-EC60-4AAA-BE03-E34DF0C0261A}"
EndProject
Project("{FAE04EC0-301F-11D3-BF4B-00C04F79EFBC}") = "Generics", "Generics\Generics.csproj", "{26348294-58AC-44BE-9926-51FCE3486F76}"
EndProject
Project("{FAE04EC0-301F-11D3-BF4B-00C04F79EFBC}") = "DelegatesEvents", "DelegatesEvents\DelegatesEvents.csproj", "{14904B11-53F4-42DB-A7F4-B83AE1528D10}"
EndProject
Global
	GlobalSection(SolutionConfigurationPlatforms) = preSolution
		Debug|Any CPU = Debug|Any CPU
		Release|Any CPU = Release|Any CPU
	EndGlobalSection
	GlobalSection(ProjectConfigurationPlatforms) = postSolution
		{9E233CD0-92F1-43E5-BA4F-3DB4CCA81764}.Debug|Any CPU.ActiveCfg = Debug|Any CPU
		{9E233CD0-92F1-43E5-BA4F-3DB4CCA81764}.Debug|Any CPU.Build.0 = Debug|Any CPU
		{9E233CD0-92F1-43E5-BA4F-3DB4CCA81764}.Release|Any CPU.ActiveCfg = Release|Any CPU
		{9E233CD0-92F1-43E5-BA4F-3DB4CCA81764}.Release|Any CPU.Build.0 = Release|Any CPU
		{1F5E703D-EC60-4AAA-BE03-E34DF0C0261A}.Debug|Any CPU.ActiveCfg = Debug|Any CPU
		{1F5E703D-EC60-4AAA-BE03-E34DF0C0261A}.Debug|Any CPU.Build.0 = Debug|Any CPU
		{1F5E703D-EC60-4AAA-BE03-E34DF0C0261A}.Release|Any CPU.ActiveCfg = Release|Any CPU
		{1F5E703D-EC60-4AAA-BE03-E34DF0C0261A}.Release|Any CPU.Build.0 = Release|Any CPU
		{26348294-58AC-44BE-9926-51FCE3486F76}.Debug|Any CPU.ActiveCfg = Debug|Any CPU
		{26348294-58AC-44BE-9926-51FCE3486F76}.Debug|Any CPU.Build.0 = Debug|Any CPU
		{26348294-58AC-44BE-9926-51FCE3486F76}.Release|Any CPU.ActiveCfg = Release|Any CPU
		{26348294-58AC-44BE-9926-51FCE3486F76}.Release|Any CPU.Build.0 = Release|Any CPU
		{14904B11-53F4-42DB-A7F4-B83AE1528D10}.Debug|Any CPU.ActiveCfg = Debug|Any CPU
		{14904B11-53F4-42DB-A7F4-B83AE1528D10}.Debug|Any CPU.Build.0 = Debug|Any CPU
		{14904B11-53F4-42DB-A7F4-B83AE1528D10}.Release|Any CPU.ActiveCfg = Release|Any CPU
		{14904B11-53F4-42DB-A7F4-B83AE1528D10}.Release|Any CPU.Build.0 = Release|Any CPU
	EndGlobalSection
	GlobalSection(SolutionProperties) = preSolution
		HideSolutionNode = FALSE
	EndGlobalSection
	GlobalSection(ExtensibilityGlobals) = postSolution
		SolutionGuid = {AFE490CF-31B9-4C23-8090-02B43EC521AD}
	EndGlobalSection
EndGlobal
